
Microsoft Visual Studio Solution File, Format Version 12.00
# Visual Studio Version 16
VisualStudioVersion = 16.0.30907.101
MinimumVisualStudioVersion = 10.0.40219.1
Project("{FAE04EC0-301F-11D3-BF4B-00C04F79EFBC}") = "Fitness", "Fitness\Fitness.csproj", "{4C66A98F-1092-4AC5-B8BC-96C518C31574}"
EndProject
Project("{FAE04EC0-301F-11D3-BF4B-00C04F79EFBC}") = "TestFitness", "TestFitness\TestFitness.csproj", "{831D93F4-FEE2-4D49-B344-E7C0F7127C7E}"
EndProject
Project("{FAE04EC0-301F-11D3-BF4B-00C04F79EFBC}") = "WindowsFormsFitness", "WindowsFormsFitness\WindowsFormsFitness.csproj", "{E06A5973-E115-4432-8D18-E080933C347E}"
EndProject
Global
	GlobalSection(SolutionConfigurationPlatforms) = preSolution
		Debug|Any CPU = Debug|Any CPU
		Release|Any CPU = Release|Any CPU
	EndGlobalSection
	GlobalSection(ProjectConfigurationPlatforms) = postSolution
		{4C66A98F-1092-4AC5-B8BC-96C518C31574}.Debug|Any CPU.ActiveCfg = Debug|Any CPU
		{4C66A98F-1092-4AC5-B8BC-96C518C31574}.Debug|Any CPU.Build.0 = Debug|Any CPU
		{4C66A98F-1092-4AC5-B8BC-96C518C31574}.Release|Any CPU.ActiveCfg = Release|Any CPU
		{4C66A98F-1092-4AC5-B8BC-96C518C31574}.Release|Any CPU.Build.0 = Release|Any CPU
		{831D93F4-FEE2-4D49-B344-E7C0F7127C7E}.Debug|Any CPU.ActiveCfg = Debug|Any CPU
		{831D93F4-FEE2-4D49-B344-E7C0F7127C7E}.Debug|Any CPU.Build.0 = Debug|Any CPU
		{831D93F4-FEE2-4D49-B344-E7C0F7127C7E}.Release|Any CPU.ActiveCfg = Release|Any CPU
		{831D93F4-FEE2-4D49-B344-E7C0F7127C7E}.Release|Any CPU.Build.0 = Release|Any CPU
		{E06A5973-E115-4432-8D18-E080933C347E}.Debug|Any CPU.ActiveCfg = Debug|Any CPU
		{E06A5973-E115-4432-8D18-E080933C347E}.Debug|Any CPU.Build.0 = Debug|Any CPU
		{E06A5973-E115-4432-8D18-E080933C347E}.Release|Any CPU.ActiveCfg = Release|Any CPU
		{E06A5973-E115-4432-8D18-E080933C347E}.Release|Any CPU.Build.0 = Release|Any CPU
	EndGlobalSection
	GlobalSection(SolutionProperties) = preSolution
		HideSolutionNode = FALSE
	EndGlobalSection
	GlobalSection(ExtensibilityGlobals) = postSolution
		SolutionGuid = {CCBB0FE3-A8C2-476F-9B5E-98E3D8E0CF9E}
	EndGlobalSection
EndGlobal
